# THIS IS AN AUTOGENERATED FILE. DO NOT EDIT THIS FILE DIRECTLY.
# yarn lockfile v1


keymirror@0.1.1:
  version "0.1.1"
  resolved "https://registry.yarnpkg.com/keymirror/-/keymirror-0.1.1.tgz#918889ea13f8d0a42e7c557250eee713adc95c35"

lodash@^4.16.4:
  version "4.17.4"
  resolved "https://registry.yarnpkg.com/lodash/-/lodash-4.17.4.tgz#78203a4d1c328ae1d86dca6460e369b57f4055ae"

react-native-video@^1.0.0:
  version "1.0.0"
  resolved "https://registry.yarnpkg.com/react-native-video/-/react-native-video-1.0.0.tgz#ba92b9e1a114c2c1f3a6144b0639ca3f69a0cc74"
  dependencies:
    keymirror "0.1.1"
